
Microsoft Visual Studio Solution File, Format Version 12.00
# Visual Studio 15
VisualStudioVersion = 15.0.28307.852
MinimumVisualStudioVersion = 10.0.40219.1
Project("{FAE04EC0-301F-11D3-BF4B-00C04F79EFBC}") = "TraAul1", "TraAul1\TraAul1.csproj", "{5E28E5F6-29F2-4007-9415-2C93AC7ABF9A}"
EndProject
Global
	GlobalSection(SolutionConfigurationPlatforms) = preSolution
		Debug|Any CPU = Debug|Any CPU
		Release|Any CPU = Release|Any CPU
	EndGlobalSection
	GlobalSection(ProjectConfigurationPlatforms) = postSolution
		{5E28E5F6-29F2-4007-9415-2C93AC7ABF9A}.Debug|Any CPU.ActiveCfg = Debug|Any CPU
		{5E28E5F6-29F2-4007-9415-2C93AC7ABF9A}.Debug|Any CPU.Build.0 = Debug|Any CPU
		{5E28E5F6-29F2-4007-9415-2C93AC7ABF9A}.Release|Any CPU.ActiveCfg = Release|Any CPU
		{5E28E5F6-29F2-4007-9415-2C93AC7ABF9A}.Release|Any CPU.Build.0 = Release|Any CPU
	EndGlobalSection
	GlobalSection(SolutionProperties) = preSolution
		HideSolutionNode = FALSE
	EndGlobalSection
	GlobalSection(ExtensibilityGlobals) = postSolution
		SolutionGuid = {6DA3FC24-0824-46F0-8987-4865B6A91691}
	EndGlobalSection
EndGlobal
