
Microsoft Visual Studio Solution File, Format Version 12.00
# Visual Studio 15
VisualStudioVersion = 15.0.28307.852
MinimumVisualStudioVersion = 10.0.40219.1
Project("{FAE04EC0-301F-11D3-BF4B-00C04F79EFBC}") = "EjerRes1", "EjerRes1\EjerRes1.csproj", "{2954E081-C769-424D-8178-EDD4A276733C}"
EndProject
Project("{FAE04EC0-301F-11D3-BF4B-00C04F79EFBC}") = "EjerRes2", "EjerRes2\EjerRes2.csproj", "{715C64C3-C2CF-4547-8763-5F398AF2167F}"
EndProject
Project("{FAE04EC0-301F-11D3-BF4B-00C04F79EFBC}") = "EjerRes3", "EjerRes3\EjerRes3.csproj", "{1919BFA0-B6D1-4048-9D5A-E79F78B72879}"
EndProject
Project("{FAE04EC0-301F-11D3-BF4B-00C04F79EFBC}") = "EjerRes4", "EjerRes4\EjerRes4.csproj", "{48E371E4-1D10-4BAA-8264-B8922291777F}"
EndProject
Project("{FAE04EC0-301F-11D3-BF4B-00C04F79EFBC}") = "Ejercicio1", "Ejercicio1\Ejercicio1.csproj", "{8BB8D734-82AF-4F5F-A4A1-F014D592061B}"
EndProject
Project("{FAE04EC0-301F-11D3-BF4B-00C04F79EFBC}") = "Ejercicio2", "Ejercicio2\Ejercicio2.csproj", "{F2CDC819-DDDC-4EE4-A9E8-B523C90C950C}"
EndProject
Project("{FAE04EC0-301F-11D3-BF4B-00C04F79EFBC}") = "Ejercicio3", "Ejercicio3\Ejercicio3.csproj", "{4B42625B-4F60-46FD-AEED-847878972EE0}"
EndProject
Project("{FAE04EC0-301F-11D3-BF4B-00C04F79EFBC}") = "Ejercicio4", "Ejercicio4\Ejercicio4.csproj", "{4F083956-B13D-4209-A90B-AF7D5AFF4F6C}"
EndProject
Global
	GlobalSection(SolutionConfigurationPlatforms) = preSolution
		Debug|Any CPU = Debug|Any CPU
		Release|Any CPU = Release|Any CPU
	EndGlobalSection
	GlobalSection(ProjectConfigurationPlatforms) = postSolution
		{2954E081-C769-424D-8178-EDD4A276733C}.Debug|Any CPU.ActiveCfg = Debug|Any CPU
		{2954E081-C769-424D-8178-EDD4A276733C}.Debug|Any CPU.Build.0 = Debug|Any CPU
		{2954E081-C769-424D-8178-EDD4A276733C}.Release|Any CPU.ActiveCfg = Release|Any CPU
		{2954E081-C769-424D-8178-EDD4A276733C}.Release|Any CPU.Build.0 = Release|Any CPU
		{715C64C3-C2CF-4547-8763-5F398AF2167F}.Debug|Any CPU.ActiveCfg = Debug|Any CPU
		{715C64C3-C2CF-4547-8763-5F398AF2167F}.Debug|Any CPU.Build.0 = Debug|Any CPU
		{715C64C3-C2CF-4547-8763-5F398AF2167F}.Release|Any CPU.ActiveCfg = Release|Any CPU
		{715C64C3-C2CF-4547-8763-5F398AF2167F}.Release|Any CPU.Build.0 = Release|Any CPU
		{1919BFA0-B6D1-4048-9D5A-E79F78B72879}.Debug|Any CPU.ActiveCfg = Debug|Any CPU
		{1919BFA0-B6D1-4048-9D5A-E79F78B72879}.Debug|Any CPU.Build.0 = Debug|Any CPU
		{1919BFA0-B6D1-4048-9D5A-E79F78B72879}.Release|Any CPU.ActiveCfg = Release|Any CPU
		{1919BFA0-B6D1-4048-9D5A-E79F78B72879}.Release|Any CPU.Build.0 = Release|Any CPU
		{48E371E4-1D10-4BAA-8264-B8922291777F}.Debug|Any CPU.ActiveCfg = Debug|Any CPU
		{48E371E4-1D10-4BAA-8264-B8922291777F}.Debug|Any CPU.Build.0 = Debug|Any CPU
		{48E371E4-1D10-4BAA-8264-B8922291777F}.Release|Any CPU.ActiveCfg = Release|Any CPU
		{48E371E4-1D10-4BAA-8264-B8922291777F}.Release|Any CPU.Build.0 = Release|Any CPU
		{8BB8D734-82AF-4F5F-A4A1-F014D592061B}.Debug|Any CPU.ActiveCfg = Debug|Any CPU
		{8BB8D734-82AF-4F5F-A4A1-F014D592061B}.Debug|Any CPU.Build.0 = Debug|Any CPU
		{8BB8D734-82AF-4F5F-A4A1-F014D592061B}.Release|Any CPU.ActiveCfg = Release|Any CPU
		{8BB8D734-82AF-4F5F-A4A1-F014D592061B}.Release|Any CPU.Build.0 = Release|Any CPU
		{F2CDC819-DDDC-4EE4-A9E8-B523C90C950C}.Debug|Any CPU.ActiveCfg = Debug|Any CPU
		{F2CDC819-DDDC-4EE4-A9E8-B523C90C950C}.Debug|Any CPU.Build.0 = Debug|Any CPU
		{F2CDC819-DDDC-4EE4-A9E8-B523C90C950C}.Release|Any CPU.ActiveCfg = Release|Any CPU
		{F2CDC819-DDDC-4EE4-A9E8-B523C90C950C}.Release|Any CPU.Build.0 = Release|Any CPU
		{4B42625B-4F60-46FD-AEED-847878972EE0}.Debug|Any CPU.ActiveCfg = Debug|Any CPU
		{4B42625B-4F60-46FD-AEED-847878972EE0}.Debug|Any CPU.Build.0 = Debug|Any CPU
		{4B42625B-4F60-46FD-AEED-847878972EE0}.Release|Any CPU.ActiveCfg = Release|Any CPU
		{4B42625B-4F60-46FD-AEED-847878972EE0}.Release|Any CPU.Build.0 = Release|Any CPU
		{4F083956-B13D-4209-A90B-AF7D5AFF4F6C}.Debug|Any CPU.ActiveCfg = Debug|Any CPU
		{4F083956-B13D-4209-A90B-AF7D5AFF4F6C}.Debug|Any CPU.Build.0 = Debug|Any CPU
		{4F083956-B13D-4209-A90B-AF7D5AFF4F6C}.Release|Any CPU.ActiveCfg = Release|Any CPU
		{4F083956-B13D-4209-A90B-AF7D5AFF4F6C}.Release|Any CPU.Build.0 = Release|Any CPU
	EndGlobalSection
	GlobalSection(SolutionProperties) = preSolution
		HideSolutionNode = FALSE
	EndGlobalSection
	GlobalSection(ExtensibilityGlobals) = postSolution
		SolutionGuid = {5AD40782-06DC-4967-A614-EDD94717BB1C}
	EndGlobalSection
EndGlobal
