
Microsoft Visual Studio Solution File, Format Version 12.00
# Visual Studio 15
VisualStudioVersion = 15.0.28307.852
MinimumVisualStudioVersion = 10.0.40219.1
Project("{FAE04EC0-301F-11D3-BF4B-00C04F79EFBC}") = "EjerRes1", "EjerRes1\EjerRes1.csproj", "{A45F0636-0473-47BC-ACB2-A21E63A0D57A}"
EndProject
Global
	GlobalSection(SolutionConfigurationPlatforms) = preSolution
		Debug|Any CPU = Debug|Any CPU
		Release|Any CPU = Release|Any CPU
	EndGlobalSection
	GlobalSection(ProjectConfigurationPlatforms) = postSolution
		{A45F0636-0473-47BC-ACB2-A21E63A0D57A}.Debug|Any CPU.ActiveCfg = Debug|Any CPU
		{A45F0636-0473-47BC-ACB2-A21E63A0D57A}.Debug|Any CPU.Build.0 = Debug|Any CPU
		{A45F0636-0473-47BC-ACB2-A21E63A0D57A}.Release|Any CPU.ActiveCfg = Release|Any CPU
		{A45F0636-0473-47BC-ACB2-A21E63A0D57A}.Release|Any CPU.Build.0 = Release|Any CPU
	EndGlobalSection
	GlobalSection(SolutionProperties) = preSolution
		HideSolutionNode = FALSE
	EndGlobalSection
	GlobalSection(ExtensibilityGlobals) = postSolution
		SolutionGuid = {EAE9A489-0DDE-4C54-9B7E-79CB95052881}
	EndGlobalSection
EndGlobal
