
Microsoft Visual Studio Solution File, Format Version 12.00
# Visual Studio 15
VisualStudioVersion = 15.0.28307.852
MinimumVisualStudioVersion = 10.0.40219.1
Project("{FAE04EC0-301F-11D3-BF4B-00C04F79EFBC}") = "Ejercicio1", "Ejercicio1\Ejercicio1.csproj", "{42299BD0-BD22-42CB-B011-9215CCA12387}"
EndProject
Project("{FAE04EC0-301F-11D3-BF4B-00C04F79EFBC}") = "Ejercicio2", "Ejercicio2\Ejercicio2.csproj", "{4F11DC47-5A77-4471-8FE4-3ED2922D09AC}"
EndProject
Project("{FAE04EC0-301F-11D3-BF4B-00C04F79EFBC}") = "Ejercicio2_1", "Ejercicio2_1\Ejercicio2_1.csproj", "{54822233-2716-469F-8A9F-29820E49664F}"
EndProject
Project("{FAE04EC0-301F-11D3-BF4B-00C04F79EFBC}") = "Ejercicio2_2", "Ejercicio2_2\Ejercicio2_2.csproj", "{F70724EE-3706-4479-978D-72038DB17D89}"
EndProject
Project("{FAE04EC0-301F-11D3-BF4B-00C04F79EFBC}") = "Ejercicio2_3", "Ejercicio2_3\Ejercicio2_3.csproj", "{A8F9578E-A3F8-46DA-A2D1-D50DF3627DEB}"
EndProject
Project("{FAE04EC0-301F-11D3-BF4B-00C04F79EFBC}") = "Ejercicio2_4", "Ejercicio2_4\Ejercicio2_4.csproj", "{DD68A89D-9AA0-4228-B04F-6696D179BE5C}"
EndProject
Project("{FAE04EC0-301F-11D3-BF4B-00C04F79EFBC}") = "Ejercicio2_5", "Ejercicio2_5\Ejercicio2_5.csproj", "{2D2686C9-31DC-44AA-9B93-BAC11E157AA2}"
EndProject
Project("{FAE04EC0-301F-11D3-BF4B-00C04F79EFBC}") = "Ejercicio2_6", "Ejercicio2_6\Ejercicio2_6.csproj", "{EB107E8F-EA5F-4291-82BA-C1AFBF290F16}"
EndProject
Project("{FAE04EC0-301F-11D3-BF4B-00C04F79EFBC}") = "Ejercicio3_0_1", "Ejercicio3_0_1\Ejercicio3_0_1.csproj", "{BC2CBD8D-E1C0-402C-A4EC-9B65798DC189}"
EndProject
Project("{FAE04EC0-301F-11D3-BF4B-00C04F79EFBC}") = "Ejercicio3_0_2", "Ejercicio3_0_2\Ejercicio3_0_2.csproj", "{AB124CCE-3AD9-4DD1-BF4B-3220BD64F2F1}"
EndProject
Project("{FAE04EC0-301F-11D3-BF4B-00C04F79EFBC}") = "Ejercicio3", "Ejercicio3\Ejercicio3.csproj", "{C63DD7BD-D28E-4F5B-9277-1870AC98E22B}"
EndProject
Project("{FAE04EC0-301F-11D3-BF4B-00C04F79EFBC}") = "Ejercicio3_0", "Ejercicio3_0\Ejercicio3_0.csproj", "{291F5080-2736-46D9-8716-72ADB231B9EB}"
EndProject
Project("{FAE04EC0-301F-11D3-BF4B-00C04F79EFBC}") = "Ejercicio3_1", "Ejercicio3_1\Ejercicio3_1.csproj", "{60A90426-9FB7-4518-BA89-05FBAA78A463}"
EndProject
Project("{FAE04EC0-301F-11D3-BF4B-00C04F79EFBC}") = "Ejercicio3_2", "Ejercicio3_2\Ejercicio3_2.csproj", "{2540C569-D99F-4DE5-AD82-AA4176846108}"
EndProject
Global
	GlobalSection(SolutionConfigurationPlatforms) = preSolution
		Debug|Any CPU = Debug|Any CPU
		Release|Any CPU = Release|Any CPU
	EndGlobalSection
	GlobalSection(ProjectConfigurationPlatforms) = postSolution
		{42299BD0-BD22-42CB-B011-9215CCA12387}.Debug|Any CPU.ActiveCfg = Debug|Any CPU
		{42299BD0-BD22-42CB-B011-9215CCA12387}.Debug|Any CPU.Build.0 = Debug|Any CPU
		{42299BD0-BD22-42CB-B011-9215CCA12387}.Release|Any CPU.ActiveCfg = Release|Any CPU
		{42299BD0-BD22-42CB-B011-9215CCA12387}.Release|Any CPU.Build.0 = Release|Any CPU
		{4F11DC47-5A77-4471-8FE4-3ED2922D09AC}.Debug|Any CPU.ActiveCfg = Debug|Any CPU
		{4F11DC47-5A77-4471-8FE4-3ED2922D09AC}.Debug|Any CPU.Build.0 = Debug|Any CPU
		{4F11DC47-5A77-4471-8FE4-3ED2922D09AC}.Release|Any CPU.ActiveCfg = Release|Any CPU
		{4F11DC47-5A77-4471-8FE4-3ED2922D09AC}.Release|Any CPU.Build.0 = Release|Any CPU
		{54822233-2716-469F-8A9F-29820E49664F}.Debug|Any CPU.ActiveCfg = Debug|Any CPU
		{54822233-2716-469F-8A9F-29820E49664F}.Debug|Any CPU.Build.0 = Debug|Any CPU
		{54822233-2716-469F-8A9F-29820E49664F}.Release|Any CPU.ActiveCfg = Release|Any CPU
		{54822233-2716-469F-8A9F-29820E49664F}.Release|Any CPU.Build.0 = Release|Any CPU
		{F70724EE-3706-4479-978D-72038DB17D89}.Debug|Any CPU.ActiveCfg = Debug|Any CPU
		{F70724EE-3706-4479-978D-72038DB17D89}.Debug|Any CPU.Build.0 = Debug|Any CPU
		{F70724EE-3706-4479-978D-72038DB17D89}.Release|Any CPU.ActiveCfg = Release|Any CPU
		{F70724EE-3706-4479-978D-72038DB17D89}.Release|Any CPU.Build.0 = Release|Any CPU
		{A8F9578E-A3F8-46DA-A2D1-D50DF3627DEB}.Debug|Any CPU.ActiveCfg = Debug|Any CPU
		{A8F9578E-A3F8-46DA-A2D1-D50DF3627DEB}.Debug|Any CPU.Build.0 = Debug|Any CPU
		{A8F9578E-A3F8-46DA-A2D1-D50DF3627DEB}.Release|Any CPU.ActiveCfg = Release|Any CPU
		{A8F9578E-A3F8-46DA-A2D1-D50DF3627DEB}.Release|Any CPU.Build.0 = Release|Any CPU
		{DD68A89D-9AA0-4228-B04F-6696D179BE5C}.Debug|Any CPU.ActiveCfg = Debug|Any CPU
		{DD68A89D-9AA0-4228-B04F-6696D179BE5C}.Debug|Any CPU.Build.0 = Debug|Any CPU
		{DD68A89D-9AA0-4228-B04F-6696D179BE5C}.Release|Any CPU.ActiveCfg = Release|Any CPU
		{DD68A89D-9AA0-4228-B04F-6696D179BE5C}.Release|Any CPU.Build.0 = Release|Any CPU
		{2D2686C9-31DC-44AA-9B93-BAC11E157AA2}.Debug|Any CPU.ActiveCfg = Debug|Any CPU
		{2D2686C9-31DC-44AA-9B93-BAC11E157AA2}.Debug|Any CPU.Build.0 = Debug|Any CPU
		{2D2686C9-31DC-44AA-9B93-BAC11E157AA2}.Release|Any CPU.ActiveCfg = Release|Any CPU
		{2D2686C9-31DC-44AA-9B93-BAC11E157AA2}.Release|Any CPU.Build.0 = Release|Any CPU
		{EB107E8F-EA5F-4291-82BA-C1AFBF290F16}.Debug|Any CPU.ActiveCfg = Debug|Any CPU
		{EB107E8F-EA5F-4291-82BA-C1AFBF290F16}.Debug|Any CPU.Build.0 = Debug|Any CPU
		{EB107E8F-EA5F-4291-82BA-C1AFBF290F16}.Release|Any CPU.ActiveCfg = Release|Any CPU
		{EB107E8F-EA5F-4291-82BA-C1AFBF290F16}.Release|Any CPU.Build.0 = Release|Any CPU
		{BC2CBD8D-E1C0-402C-A4EC-9B65798DC189}.Debug|Any CPU.ActiveCfg = Debug|Any CPU
		{BC2CBD8D-E1C0-402C-A4EC-9B65798DC189}.Debug|Any CPU.Build.0 = Debug|Any CPU
		{BC2CBD8D-E1C0-402C-A4EC-9B65798DC189}.Release|Any CPU.ActiveCfg = Release|Any CPU
		{BC2CBD8D-E1C0-402C-A4EC-9B65798DC189}.Release|Any CPU.Build.0 = Release|Any CPU
		{AB124CCE-3AD9-4DD1-BF4B-3220BD64F2F1}.Debug|Any CPU.ActiveCfg = Debug|Any CPU
		{AB124CCE-3AD9-4DD1-BF4B-3220BD64F2F1}.Debug|Any CPU.Build.0 = Debug|Any CPU
		{AB124CCE-3AD9-4DD1-BF4B-3220BD64F2F1}.Release|Any CPU.ActiveCfg = Release|Any CPU
		{AB124CCE-3AD9-4DD1-BF4B-3220BD64F2F1}.Release|Any CPU.Build.0 = Release|Any CPU
		{C63DD7BD-D28E-4F5B-9277-1870AC98E22B}.Debug|Any CPU.ActiveCfg = Debug|Any CPU
		{C63DD7BD-D28E-4F5B-9277-1870AC98E22B}.Debug|Any CPU.Build.0 = Debug|Any CPU
		{C63DD7BD-D28E-4F5B-9277-1870AC98E22B}.Release|Any CPU.ActiveCfg = Release|Any CPU
		{C63DD7BD-D28E-4F5B-9277-1870AC98E22B}.Release|Any CPU.Build.0 = Release|Any CPU
		{291F5080-2736-46D9-8716-72ADB231B9EB}.Debug|Any CPU.ActiveCfg = Debug|Any CPU
		{291F5080-2736-46D9-8716-72ADB231B9EB}.Debug|Any CPU.Build.0 = Debug|Any CPU
		{291F5080-2736-46D9-8716-72ADB231B9EB}.Release|Any CPU.ActiveCfg = Release|Any CPU
		{291F5080-2736-46D9-8716-72ADB231B9EB}.Release|Any CPU.Build.0 = Release|Any CPU
		{60A90426-9FB7-4518-BA89-05FBAA78A463}.Debug|Any CPU.ActiveCfg = Debug|Any CPU
		{60A90426-9FB7-4518-BA89-05FBAA78A463}.Debug|Any CPU.Build.0 = Debug|Any CPU
		{60A90426-9FB7-4518-BA89-05FBAA78A463}.Release|Any CPU.ActiveCfg = Release|Any CPU
		{60A90426-9FB7-4518-BA89-05FBAA78A463}.Release|Any CPU.Build.0 = Release|Any CPU
		{2540C569-D99F-4DE5-AD82-AA4176846108}.Debug|Any CPU.ActiveCfg = Debug|Any CPU
		{2540C569-D99F-4DE5-AD82-AA4176846108}.Debug|Any CPU.Build.0 = Debug|Any CPU
		{2540C569-D99F-4DE5-AD82-AA4176846108}.Release|Any CPU.ActiveCfg = Release|Any CPU
		{2540C569-D99F-4DE5-AD82-AA4176846108}.Release|Any CPU.Build.0 = Release|Any CPU
	EndGlobalSection
	GlobalSection(SolutionProperties) = preSolution
		HideSolutionNode = FALSE
	EndGlobalSection
	GlobalSection(ExtensibilityGlobals) = postSolution
		SolutionGuid = {45C80FE6-6862-4ED8-A45E-83FBA00D0C74}
	EndGlobalSection
EndGlobal
